
Microsoft Visual Studio Solution File, Format Version 12.00
# Visual Studio Version 17
VisualStudioVersion = 17.0.32014.148
MinimumVisualStudioVersion = 10.0.40219.1
Project("{FAE04EC0-301F-11D3-BF4B-00C04F79EFBC}") = "VetClinicWeb", "VetClinicWeb\VetClinicWeb.csproj", "{1E1D9182-0F68-48BC-89E0-C12A691C48C7}"
EndProject
Global
	GlobalSection(SolutionConfigurationPlatforms) = preSolution
		Debug|Any CPU = Debug|Any CPU
		Release|Any CPU = Release|Any CPU
	EndGlobalSection
	GlobalSection(ProjectConfigurationPlatforms) = postSolution
		{1E1D9182-0F68-48BC-89E0-C12A691C48C7}.Debug|Any CPU.ActiveCfg = Debug|Any CPU
		{1E1D9182-0F68-48BC-89E0-C12A691C48C7}.Debug|Any CPU.Build.0 = Debug|Any CPU
		{1E1D9182-0F68-48BC-89E0-C12A691C48C7}.Release|Any CPU.ActiveCfg = Release|Any CPU
		{1E1D9182-0F68-48BC-89E0-C12A691C48C7}.Release|Any CPU.Build.0 = Release|Any CPU
	EndGlobalSection
	GlobalSection(SolutionProperties) = preSolution
		HideSolutionNode = FALSE
	EndGlobalSection
	GlobalSection(ExtensibilityGlobals) = postSolution
		SolutionGuid = {ADA0ACA7-F179-42B4-B8B1-C1359E76E4F9}
	EndGlobalSection
EndGlobal
